
Microsoft Visual Studio Solution File, Format Version 12.00
# Visual Studio Version 17
VisualStudioVersion = 17.14.36203.30
MinimumVisualStudioVersion = 10.0.40219.1
Project("{FAE04EC0-301F-11D3-BF4B-00C04F79EFBC}") = "OnionTech.Billing.Software.API", "OnionTech.Billing.Software.API.csproj", "{B557064A-D573-4F3F-94ED-B8776D234AB3}"
EndProject
Project("{FAE04EC0-301F-11D3-BF4B-00C04F79EFBC}") = "OnionTech.Billing.Software.Service", "..\OnionTech.Billing.Software.Service\OnionTech.Billing.Software.Service.csproj", "{51C8EF2F-66FB-4B85-A8D6-FE9C44F2C90D}"
EndProject
Project("{FAE04EC0-301F-11D3-BF4B-00C04F79EFBC}") = "OnionTech.Billing.Software.Repository", "..\OnionTech.Billing.Software.Repository\OnionTech.Billing.Software.Repository.csproj", "{5B6A3BF2-D503-4A3F-A93E-3F9ED62FA1EF}"
EndProject
Project("{FAE04EC0-301F-11D3-BF4B-00C04F79EFBC}") = "OnionTech.Billing.Software.Common", "..\OnionTech.Billing.Software.Common\OnionTech.Billing.Software.Common.csproj", "{CAB7E4BC-1B90-40B6-B471-22A66A650063}"
EndProject
Project("{FAE04EC0-301F-11D3-BF4B-00C04F79EFBC}") = "OnionTech.Billing.Software.Infrastructure", "..\OnionTech.Billing.Software.Infrastructure\OnionTech.Billing.Software.Infrastructure.csproj", "{67E3B084-7281-4180-969C-C2B095CB25C9}"
EndProject
Project("{00D1A9C2-B5F0-4AF3-8072-F6C62B433612}") = "OnionTech.Billing.Software.Database", "..\OnionTech.Billing.Software.Database\OnionTech.Billing.Software.Database.sqlproj", "{B7D60103-EBBA-4B33-A17F-C9B01D324E3A}"
EndProject
Global
	GlobalSection(SolutionConfigurationPlatforms) = preSolution
		Debug|Any CPU = Debug|Any CPU
		Release|Any CPU = Release|Any CPU
	EndGlobalSection
	GlobalSection(ProjectConfigurationPlatforms) = postSolution
		{B557064A-D573-4F3F-94ED-B8776D234AB3}.Debug|Any CPU.ActiveCfg = Debug|Any CPU
		{B557064A-D573-4F3F-94ED-B8776D234AB3}.Debug|Any CPU.Build.0 = Debug|Any CPU
		{B557064A-D573-4F3F-94ED-B8776D234AB3}.Release|Any CPU.ActiveCfg = Release|Any CPU
		{B557064A-D573-4F3F-94ED-B8776D234AB3}.Release|Any CPU.Build.0 = Release|Any CPU
		{51C8EF2F-66FB-4B85-A8D6-FE9C44F2C90D}.Debug|Any CPU.ActiveCfg = Debug|Any CPU
		{51C8EF2F-66FB-4B85-A8D6-FE9C44F2C90D}.Debug|Any CPU.Build.0 = Debug|Any CPU
		{51C8EF2F-66FB-4B85-A8D6-FE9C44F2C90D}.Release|Any CPU.ActiveCfg = Release|Any CPU
		{51C8EF2F-66FB-4B85-A8D6-FE9C44F2C90D}.Release|Any CPU.Build.0 = Release|Any CPU
		{5B6A3BF2-D503-4A3F-A93E-3F9ED62FA1EF}.Debug|Any CPU.ActiveCfg = Debug|Any CPU
		{5B6A3BF2-D503-4A3F-A93E-3F9ED62FA1EF}.Debug|Any CPU.Build.0 = Debug|Any CPU
		{5B6A3BF2-D503-4A3F-A93E-3F9ED62FA1EF}.Release|Any CPU.ActiveCfg = Release|Any CPU
		{5B6A3BF2-D503-4A3F-A93E-3F9ED62FA1EF}.Release|Any CPU.Build.0 = Release|Any CPU
		{CAB7E4BC-1B90-40B6-B471-22A66A650063}.Debug|Any CPU.ActiveCfg = Debug|Any CPU
		{CAB7E4BC-1B90-40B6-B471-22A66A650063}.Debug|Any CPU.Build.0 = Debug|Any CPU
		{CAB7E4BC-1B90-40B6-B471-22A66A650063}.Release|Any CPU.ActiveCfg = Release|Any CPU
		{CAB7E4BC-1B90-40B6-B471-22A66A650063}.Release|Any CPU.Build.0 = Release|Any CPU
		{67E3B084-7281-4180-969C-C2B095CB25C9}.Debug|Any CPU.ActiveCfg = Debug|Any CPU
		{67E3B084-7281-4180-969C-C2B095CB25C9}.Debug|Any CPU.Build.0 = Debug|Any CPU
		{67E3B084-7281-4180-969C-C2B095CB25C9}.Release|Any CPU.ActiveCfg = Release|Any CPU
		{67E3B084-7281-4180-969C-C2B095CB25C9}.Release|Any CPU.Build.0 = Release|Any CPU
		{B7D60103-EBBA-4B33-A17F-C9B01D324E3A}.Debug|Any CPU.ActiveCfg = Debug|Any CPU
		{B7D60103-EBBA-4B33-A17F-C9B01D324E3A}.Debug|Any CPU.Build.0 = Debug|Any CPU
		{B7D60103-EBBA-4B33-A17F-C9B01D324E3A}.Debug|Any CPU.Deploy.0 = Debug|Any CPU
		{B7D60103-EBBA-4B33-A17F-C9B01D324E3A}.Release|Any CPU.ActiveCfg = Release|Any CPU
		{B7D60103-EBBA-4B33-A17F-C9B01D324E3A}.Release|Any CPU.Build.0 = Release|Any CPU
		{B7D60103-EBBA-4B33-A17F-C9B01D324E3A}.Release|Any CPU.Deploy.0 = Release|Any CPU
	EndGlobalSection
	GlobalSection(SolutionProperties) = preSolution
		HideSolutionNode = FALSE
	EndGlobalSection
	GlobalSection(ExtensibilityGlobals) = postSolution
		SolutionGuid = {33C9A1BD-46B4-4EE6-8384-D802BF3526BD}
	EndGlobalSection
EndGlobal
